// !$*UTF8*$!
{
	archiveVersion = 1;
	classes = {
	};
	objectVersion = 46;
	objects = {

/* Begin PBXBuildFile section */
		84C806041C532150004980B3 /* main.m in Sources */ = {isa = PBXBuildFile; fileRef = 84C806031C532150004980B3 /* main.m */; };
		84C806071C532150004980B3 /* AppDelegate.m in Sources */ = {isa = PBXBuildFile; fileRef = 84C806061C532150004980B3 /* AppDelegate.m */; };
		84C8060A1C532150004980B3 /* ViewController.m in Sources */ = {isa = PBXBuildFile; fileRef = 84C806091C532150004980B3 /* ViewController.m */; };
		84C8060D1C532150004980B3 /* Main.storyboard in Resources */ = {isa = PBXBuildFile; fileRef = 84C8060B1C532150004980B3 /* Main.storyboard */; };
		84C8060F1C532150004980B3 /* Assets.xcassets in Resources */ = {isa = PBXBuildFile; fileRef = 84C8060E1C532150004980B3 /* Assets.xcassets */; };
		84C806121C532150004980B3 /* LaunchScreen.storyboard in Resources */ = {isa = PBXBuildFile; fileRef = 84C806101C532150004980B3 /* LaunchScreen.storyboard */; };
		84C8061D1C532150004980B3 /* CCTouchIDDemoTests.m in Sources */ = {isa = PBXBuildFile; fileRef = 84C8061C1C532150004980B3 /* CCTouchIDDemoTests.m */; };
		84C806281C532150004980B3 /* CCTouchIDDemoUITests.m in Sources */ = {isa = PBXBuildFile; fileRef = 84C806271C532150004980B3 /* CCTouchIDDemoUITests.m */; };
		84C806361C532193004980B3 /* LocalAuthentication.framework in Frameworks */ = {isa = PBXBuildFile; fileRef = 84C806351C532193004980B3 /* LocalAuthentication.framework */; };
		84C806381C53219D004980B3 /* CoreLocation.framework in Frameworks */ = {isa = PBXBuildFile; fileRef = 84C806371C53219D004980B3 /* CoreLocation.framework */; };
		84C8063A1C5321A6004980B3 /* Foundation.framework in Frameworks */ = {isa = PBXBuildFile; fileRef = 84C806391C5321A6004980B3 /* Foundation.framework */; };
		84C8063C1C5321AE004980B3 /* UIKit.framework in Frameworks */ = {isa = PBXBuildFile; fileRef = 84C8063B1C5321AE004980B3 /* UIKit.framework */; };
		84C8063E1C5321B9004980B3 /* CoreFoundation.framework in Frameworks */ = {isa = PBXBuildFile; fileRef = 84C8063D1C5321B9004980B3 /* CoreFoundation.framework */; };
		84C806431C5321FC004980B3 /* fingerprint@2x.png in Resources */ = {isa = PBXBuildFile; fileRef = 84C806411C5321FC004980B3 /* fingerprint@2x.png */; settings = {ASSET_TAGS = (); }; };
		84C806441C5321FC004980B3 /* fingerprint@3x.png in Resources */ = {isa = PBXBuildFile; fileRef = 84C806421C5321FC004980B3 /* fingerprint@3x.png */; settings = {ASSET_TAGS = (); }; };
		84C806491C532D4A004980B3 /* CCTouchID.m in Sources */ = {isa = PBXBuildFile; fileRef = 84C806481C532D4A004980B3 /* CCTouchID.m */; settings = {ASSET_TAGS = (); }; };
/* End PBXBuildFile section */

/* Begin PBXContainerItemProxy section */
		84C806191C532150004980B3 /* PBXContainerItemProxy */ = {
			isa = PBXContainerItemProxy;
			containerPortal = 84C805F71C532150004980B3 /* Project object */;
			proxyType = 1;
			remoteGlobalIDString = 84C805FE1C532150004980B3;
			remoteInfo = CCTouchIDDemo;
		};
		84C806241C532150004980B3 /* PBXContainerItemProxy */ = {
			isa = PBXContainerItemProxy;
			containerPortal = 84C805F71C532150004980B3 /* Project object */;
			proxyType = 1;
			remoteGlobalIDString = 84C805FE1C532150004980B3;
			remoteInfo = CCTouchIDDemo;
		};
/* End PBXContainerItemProxy section */

/* Begin PBXFileReference section */
		84C805FF1C532150004980B3 /* CCTouchIDDemo.app */ = {isa = PBXFileReference; explicitFileType = wrapper.application; includeInIndex = 0; path = CCTouchIDDemo.app; sourceTree = BUILT_PRODUCTS_DIR; };
		84C806031C532150004980B3 /* main.m */ = {isa = PBXFileReference; lastKnownFileType = sourcecode.c.objc; path = main.m; sourceTree = "<group>"; };
		84C806051C532150004980B3 /* AppDelegate.h */ = {isa = PBXFileReference; lastKnownFileType = sourcecode.c.h; path = AppDelegate.h; sourceTree = "<group>"; };
		84C806061C532150004980B3 /* AppDelegate.m */ = {isa = PBXFileReference; lastKnownFileType = sourcecode.c.objc; path = AppDelegate.m; sourceTree = "<group>"; };
		84C806081C532150004980B3 /* ViewController.h */ = {isa = PBXFileReference; lastKnownFileType = sourcecode.c.h; path = ViewController.h; sourceTree = "<group>"; };
		84C806091C532150004980B3 /* ViewController.m */ = {isa = PBXFileReference; lastKnownFileType = sourcecode.c.objc; path = ViewController.m; sourceTree = "<group>"; };
		84C8060C1C532150004980B3 /* Base */ = {isa = PBXFileReference; lastKnownFileType = file.storyboard; name = Base; path = Base.lproj/Main.storyboard; sourceTree = "<group>"; };
		84C8060E1C532150004980B3 /* Assets.xcassets */ = {isa = PBXFileReference; lastKnownFileType = folder.assetcatalog; path = Assets.xcassets; sourceTree = "<group>"; };
		84C806111C532150004980B3 /* Base */ = {isa = PBXFileReference; lastKnownFileType = file.storyboard; name = Base; path = Base.lproj/LaunchScreen.storyboard; sourceTree = "<group>"; };
		84C806131C532150004980B3 /* Info.plist */ = {isa = PBXFileReference; lastKnownFileType = text.plist.xml; path = Info.plist; sourceTree = "<group>"; };
		84C806181C532150004980B3 /* CCTouchIDDemoTests.xctest */ = {isa = PBXFileReference; explicitFileType = wrapper.cfbundle; includeInIndex = 0; path = CCTouchIDDemoTests.xctest; sourceTree = BUILT_PRODUCTS_DIR; };
		84C8061C1C532150004980B3 /* CCTouchIDDemoTests.m */ = {isa = PBXFileReference; lastKnownFileType = sourcecode.c.objc; path = CCTouchIDDemoTests.m; sourceTree = "<group>"; };
		84C8061E1C532150004980B3 /* Info.plist */ = {isa = PBXFileReference; lastKnownFileType = text.plist.xml; path = Info.plist; sourceTree = "<group>"; };
		84C806231C532150004980B3 /* CCTouchIDDemoUITests.xctest */ = {isa = PBXFileReference; explicitFileType = wrapper.cfbundle; includeInIndex = 0; path = CCTouchIDDemoUITests.xctest; sourceTree = BUILT_PRODUCTS_DIR; };
		84C806271C532150004980B3 /* CCTouchIDDemoUITests.m */ = {isa = PBXFileReference; lastKnownFileType = sourcecode.c.objc; path = CCTouchIDDemoUITests.m; sourceTree = "<group>"; };
		84C806291C532150004980B3 /* Info.plist */ = {isa = PBXFileReference; lastKnownFileType = text.plist.xml; path = Info.plist; sourceTree = "<group>"; };
		84C806351C532193004980B3 /* LocalAuthentication.framework */ = {isa = PBXFileReference; lastKnownFileType = wrapper.framework; name = LocalAuthentication.framework; path = System/Library/Frameworks/LocalAuthentication.framework; sourceTree = SDKROOT; };
		84C806371C53219D004980B3 /* CoreLocation.framework */ = {isa = PBXFileReference; lastKnownFileType = wrapper.framework; name = CoreLocation.framework; path = System/Library/Frameworks/CoreLocation.framework; sourceTree = SDKROOT; };
		84C806391C5321A6004980B3 /* Foundation.framework */ = {isa = PBXFileReference; lastKnownFileType = wrapper.framework; name = Foundation.framework; path = System/Library/Frameworks/Foundation.framework; sourceTree = SDKROOT; };
		84C8063B1C5321AE004980B3 /* UIKit.framework */ = {isa = PBXFileReference; lastKnownFileType = wrapper.framework; name = UIKit.framework; path = System/Library/Frameworks/UIKit.framework; sourceTree = SDKROOT; };
		84C8063D1C5321B9004980B3 /* CoreFoundation.framework */ = {isa = PBXFileReference; lastKnownFileType = wrapper.framework; name = CoreFoundation.framework; path = System/Library/Frameworks/CoreFoundation.framework; sourceTree = SDKROOT; };
		84C806411C5321FC004980B3 /* fingerprint@2x.png */ = {isa = PBXFileReference; lastKnownFileType = image.png; path = "fingerprint@2x.png"; sourceTree = "<group>"; };
		84C806421C5321FC004980B3 /* fingerprint@3x.png */ = {isa = PBXFileReference; lastKnownFileType = image.png; path = "fingerprint@3x.png"; sourceTree = "<group>"; };
		84C806471C532D4A004980B3 /* CCTouchID.h */ = {isa = PBXFileReference; fileEncoding = 4; lastKnownFileType = sourcecode.c.h; path = CCTouchID.h; sourceTree = "<group>"; };
		84C806481C532D4A004980B3 /* CCTouchID.m */ = {isa = PBXFileReference; fileEncoding = 4; lastKnownFileType = sourcecode.c.objc; path = CCTouchID.m; sourceTree = "<group>"; };
/* End PBXFileReference section */

/* Begin PBXFrameworksBuildPhase section */
		84C805FC1C532150004980B3 /* Frameworks */ = {
			isa = PBXFrameworksBuildPhase;
			buildActionMask = 2147483647;
			files = (
				84C8063E1C5321B9004980B3 /* CoreFoundation.framework in Frameworks */,
				84C8063C1C5321AE004980B3 /* UIKit.framework in Frameworks */,
				84C8063A1C5321A6004980B3 /* Foundation.framework in Frameworks */,
				84C806381C53219D004980B3 /* CoreLocation.framework in Frameworks */,
				84C806361C532193004980B3 /* LocalAuthentication.framework in Frameworks */,
			);
			runOnlyForDeploymentPostprocessing = 0;
		};
		84C806151C532150004980B3 /* Frameworks */ = {
			isa = PBXFrameworksBuildPhase;
			buildActionMask = 2147483647;
			files = (
			);
			runOnlyForDeploymentPostprocessing = 0;
		};
		84C806201C532150004980B3 /* Frameworks */ = {
			isa = PBXFrameworksBuildPhase;
			buildActionMask = 2147483647;
			files = (
			);
			runOnlyForDeploymentPostprocessing = 0;
		};
/* End PBXFrameworksBuildPhase section */

/* Begin PBXGroup section */
		84C805F61C532150004980B3 = {
			isa = PBXGroup;
			children = (
				84C806401C5321E4004980B3 /* Resources */,
				84C8063F1C5321C6004980B3 /* CCTouchID */,
				84C8063D1C5321B9004980B3 /* CoreFoundation.framework */,
				84C8063B1C5321AE004980B3 /* UIKit.framework */,
				84C806391C5321A6004980B3 /* Foundation.framework */,
				84C806371C53219D004980B3 /* CoreLocation.framework */,
				84C806351C532193004980B3 /* LocalAuthentication.framework */,
				84C806011C532150004980B3 /* CCTouchIDDemo */,
				84C8061B1C532150004980B3 /* CCTouchIDDemoTests */,
				84C806261C532150004980B3 /* CCTouchIDDemoUITests */,
				84C806001C532150004980B3 /* Products */,
			);
			sourceTree = "<group>";
		};
		84C806001C532150004980B3 /* Products */ = {
			isa = PBXGroup;
			children = (
				84C805FF1C532150004980B3 /* CCTouchIDDemo.app */,
				84C806181C532150004980B3 /* CCTouchIDDemoTests.xctest */,
				84C806231C532150004980B3 /* CCTouchIDDemoUITests.xctest */,
			);
			name = Products;
			sourceTree = "<group>";
		};
		84C806011C532150004980B3 /* CCTouchIDDemo */ = {
			isa = PBXGroup;
			children = (
				84C806051C532150004980B3 /* AppDelegate.h */,
				84C806061C532150004980B3 /* AppDelegate.m */,
				84C806081C532150004980B3 /* ViewController.h */,
				84C806091C532150004980B3 /* ViewController.m */,
				84C8060B1C532150004980B3 /* Main.storyboard */,
				84C8060E1C532150004980B3 /* Assets.xcassets */,
				84C806101C532150004980B3 /* LaunchScreen.storyboard */,
				84C806131C532150004980B3 /* Info.plist */,
				84C806021C532150004980B3 /* Supporting Files */,
			);
			path = CCTouchIDDemo;
			sourceTree = "<group>";
		};
		84C806021C532150004980B3 /* Supporting Files */ = {
			isa = PBXGroup;
			children = (
				84C806031C532150004980B3 /* main.m */,
			);
			name = "Supporting Files";
			sourceTree = "<group>";
		};
		84C8061B1C532150004980B3 /* CCTouchIDDemoTests */ = {
			isa = PBXGroup;
			children = (
				84C8061C1C532150004980B3 /* CCTouchIDDemoTests.m */,
				84C8061E1C532150004980B3 /* Info.plist */,
			);
			path = CCTouchIDDemoTests;
			sourceTree = "<group>";
		};
		84C806261C532150004980B3 /* CCTouchIDDemoUITests */ = {
			isa = PBXGroup;
			children = (
				84C806271C532150004980B3 /* CCTouchIDDemoUITests.m */,
				84C806291C532150004980B3 /* Info.plist */,
			);
			path = CCTouchIDDemoUITests;
			sourceTree = "<group>";
		};
		84C8063F1C5321C6004980B3 /* CCTouchID */ = {
			isa = PBXGroup;
			children = (
				84C806471C532D4A004980B3 /* CCTouchID.h */,
				84C806481C532D4A004980B3 /* CCTouchID.m */,
			);
			name = CCTouchID;
			sourceTree = "<group>";
		};
		84C806401C5321E4004980B3 /* Resources */ = {
			isa = PBXGroup;
			children = (
				84C806411C5321FC004980B3 /* fingerprint@2x.png */,
				84C806421C5321FC004980B3 /* fingerprint@3x.png */,
			);
			name = Resources;
			sourceTree = "<group>";
		};
/* End PBXGroup section */

/* Begin PBXNativeTarget section */
		84C805FE1C532150004980B3 /* CCTouchIDDemo */ = {
			isa = PBXNativeTarget;
			buildConfigurationList = 84C8062C1C532150004980B3 /* Build configuration list for PBXNativeTarget "CCTouchIDDemo" */;
			buildPhases = (
				84C805FB1C532150004980B3 /* Sources */,
				84C805FC1C532150004980B3 /* Frameworks */,
				84C805FD1C532150004980B3 /* Resources */,
			);
			buildRules = (
			);
			dependencies = (
			);
			name = CCTouchIDDemo;
			productName = CCTouchIDDemo;
			productReference = 84C805FF1C532150004980B3 /* CCTouchIDDemo.app */;
			productType = "com.apple.product-type.application";
		};
		84C806171C532150004980B3 /* CCTouchIDDemoTests */ = {
			isa = PBXNativeTarget;
			buildConfigurationList = 84C8062F1C532150004980B3 /* Build configuration list for PBXNativeTarget "CCTouchIDDemoTests" */;
			buildPhases = (
				84C806141C532150004980B3 /* Sources */,
				84C806151C532150004980B3 /* Frameworks */,
				84C806161C532150004980B3 /* Resources */,
			);
			buildRules = (
			);
			dependencies = (
				84C8061A1C532150004980B3 /* PBXTargetDependency */,
			);
			name = CCTouchIDDemoTests;
			productName = CCTouchIDDemoTests;
			productReference = 84C806181C532150004980B3 /* CCTouchIDDemoTests.xctest */;
			productType = "com.apple.product-type.bundle.unit-test";
		};
		84C806221C532150004980B3 /* CCTouchIDDemoUITests */ = {
			isa = PBXNativeTarget;
			buildConfigurationList = 84C806321C532150004980B3 /* Build configuration list for PBXNativeTarget "CCTouchIDDemoUITests" */;
			buildPhases = (
				84C8061F1C532150004980B3 /* Sources */,
				84C806201C532150004980B3 /* Frameworks */,
				84C806211C532150004980B3 /* Resources */,
			);
			buildRules = (
			);
			dependencies = (
				84C806251C532150004980B3 /* PBXTargetDependency */,
			);
			name = CCTouchIDDemoUITests;
			productName = CCTouchIDDemoUITests;
			productReference = 84C806231C532150004980B3 /* CCTouchIDDemoUITests.xctest */;
			productType = "com.apple.product-type.bundle.ui-testing";
		};
/* End PBXNativeTarget section */

/* Begin PBXProject section */
		84C805F71C532150004980B3 /* Project object */ = {
			isa = PBXProject;
			attributes = {
				LastUpgradeCheck = 0700;
				ORGANIZATIONNAME = CXK;
				TargetAttributes = {
					84C805FE1C532150004980B3 = {
						CreatedOnToolsVersion = 7.0;
					};
					84C806171C532150004980B3 = {
						CreatedOnToolsVersion = 7.0;
						TestTargetID = 84C805FE1C532150004980B3;
					};
					84C806221C532150004980B3 = {
						CreatedOnToolsVersion = 7.0;
						TestTargetID = 84C805FE1C532150004980B3;
					};
				};
			};
			buildConfigurationList = 84C805FA1C532150004980B3 /* Build configuration list for PBXProject "CCTouchIDDemo" */;
			compatibilityVersion = "Xcode 3.2";
			developmentRegion = English;
			hasScannedForEncodings = 0;
			knownRegions = (
				en,
				Base,
			);
			mainGroup = 84C805F61C532150004980B3;
			productRefGroup = 84C806001C532150004980B3 /* Products */;
			projectDirPath = "";
			projectRoot = "";
			targets = (
				84C805FE1C532150004980B3 /* CCTouchIDDemo */,
				84C806171C532150004980B3 /* CCTouchIDDemoTests */,
				84C806221C532150004980B3 /* CCTouchIDDemoUITests */,
			);
		};
/* End PBXProject section */

/* Begin PBXResourcesBuildPhase section */
		84C805FD1C532150004980B3 /* Resources */ = {
			isa = PBXResourcesBuildPhase;
			buildActionMask = 2147483647;
			files = (
				84C806441C5321FC004980B3 /* fingerprint@3x.png in Resources */,
				84C806121C532150004980B3 /* LaunchScreen.storyboard in Resources */,
				84C8060F1C532150004980B3 /* Assets.xcassets in Resources */,
				84C8060D1C532150004980B3 /* Main.storyboard in Resources */,
				84C806431C5321FC004980B3 /* fingerprint@2x.png in Resources */,
			);
			runOnlyForDeploymentPostprocessing = 0;
		};
		84C806161C532150004980B3 /* Resources */ = {
			isa = PBXResourcesBuildPhase;
			buildActionMask = 2147483647;
			files = (
			);
			runOnlyForDeploymentPostprocessing = 0;
		};
		84C806211C532150004980B3 /* Resources */ = {
			isa = PBXResourcesBuildPhase;
			buildActionMask = 2147483647;
			files = (
			);
			runOnlyForDeploymentPostprocessing = 0;
		};
/* End PBXResourcesBuildPhase section */

/* Begin PBXSourcesBuildPhase section */
		84C805FB1C532150004980B3 /* Sources */ = {
			isa = PBXSourcesBuildPhase;
			buildActionMask = 2147483647;
			files = (
				84C806491C532D4A004980B3 /* CCTouchID.m in Sources */,
				84C8060A1C532150004980B3 /* ViewController.m in Sources */,
				84C806071C532150004980B3 /* AppDelegate.m in Sources */,
				84C806041C532150004980B3 /* main.m in Sources */,
			);
			runOnlyForDeploymentPostprocessing = 0;
		};
		84C806141C532150004980B3 /* Sources */ = {
			isa = PBXSourcesBuildPhase;
			buildActionMask = 2147483647;
			files = (
				84C8061D1C532150004980B3 /* CCTouchIDDemoTests.m in Sources */,
			);
			runOnlyForDeploymentPostprocessing = 0;
		};
		84C8061F1C532150004980B3 /* Sources */ = {
			isa = PBXSourcesBuildPhase;
			buildActionMask = 2147483647;
			files = (
				84C806281C532150004980B3 /* CCTouchIDDemoUITests.m in Sources */,
			);
			runOnlyForDeploymentPostprocessing = 0;
		};
/* End PBXSourcesBuildPhase section */

/* Begin PBXTargetDependency section */
		84C8061A1C532150004980B3 /* PBXTargetDependency */ = {
			isa = PBXTargetDependency;
			target = 84C805FE1C532150004980B3 /* CCTouchIDDemo */;
			targetProxy = 84C806191C532150004980B3 /* PBXContainerItemProxy */;
		};
		84C806251C532150004980B3 /* PBXTargetDependency */ = {
			isa = PBXTargetDependency;
			target = 84C805FE1C532150004980B3 /* CCTouchIDDemo */;
			targetProxy = 84C806241C532150004980B3 /* PBXContainerItemProxy */;
		};
/* End PBXTargetDependency section */

/* Begin PBXVariantGroup section */
		84C8060B1C532150004980B3 /* Main.storyboard */ = {
			isa = PBXVariantGroup;
			children = (
				84C8060C1C532150004980B3 /* Base */,
			);
			name = Main.storyboard;
			sourceTree = "<group>";
		};
		84C806101C532150004980B3 /* LaunchScreen.storyboard */ = {
			isa = PBXVariantGroup;
			children = (
				84C806111C532150004980B3 /* Base */,
			);
			name = LaunchScreen.storyboard;
			sourceTree = "<group>";
		};
/* End PBXVariantGroup section */

/* Begin XCBuildConfiguration section */
		84C8062A1C532150004980B3 /* Debug */ = {
			isa = XCBuildConfiguration;
			buildSettings = {
				ALWAYS_SEARCH_USER_PATHS = NO;
				CLANG_CXX_LANGUAGE_STANDARD = "gnu++0x";
				CLANG_CXX_LIBRARY = "libc++";
				CLANG_ENABLE_MODULES = YES;
				CLANG_ENABLE_OBJC_ARC = YES;
				CLANG_WARN_BOOL_CONVERSION = YES;
				CLANG_WARN_CONSTANT_CONVERSION = YES;
				CLANG_WARN_DIRECT_OBJC_ISA_USAGE = YES_ERROR;
				CLANG_WARN_EMPTY_BODY = YES;
				CLANG_WARN_ENUM_CONVERSION = YES;
				CLANG_WARN_INT_CONVERSION = YES;
				CLANG_WARN_OBJC_ROOT_CLASS = YES_ERROR;
				CLANG_WARN_UNREACHABLE_CODE = YES;
				CLANG_WARN__DUPLICATE_METHOD_MATCH = YES;
				"CODE_SIGN_IDENTITY[sdk=iphoneos*]" = "iPhone Developer";
				COPY_PHASE_STRIP = NO;
				DEBUG_INFORMATION_FORMAT = dwarf;
				ENABLE_STRICT_OBJC_MSGSEND = YES;
				ENABLE_TESTABILITY = YES;
				GCC_C_LANGUAGE_STANDARD = gnu99;
				GCC_DYNAMIC_NO_PIC = NO;
				GCC_NO_COMMON_BLOCKS = YES;
				GCC_OPTIMIZATION_LEVEL = 0;
				GCC_PREPROCESSOR_DEFINITIONS = (
					"DEBUG=1",
					"$(inherited)",
				);
				GCC_WARN_64_TO_32_BIT_CONVERSION = YES;
				GCC_WARN_ABOUT_RETURN_TYPE = YES_ERROR;
				GCC_WARN_UNDECLARED_SELECTOR = YES;
				GCC_WARN_UNINITIALIZED_AUTOS = YES_AGGRESSIVE;
				GCC_WARN_UNUSED_FUNCTION = YES;
				GCC_WARN_UNUSED_VARIABLE = YES;
				IPHONEOS_DEPLOYMENT_TARGET = 9.0;
				MTL_ENABLE_DEBUG_INFO = YES;
				ONLY_ACTIVE_ARCH = YES;
				SDKROOT = iphoneos;
			};
			name = Debug;
		};
		84C8062B1C532150004980B3 /* Release */ = {
			isa = XCBuildConfiguration;
			buildSettings = {
				ALWAYS_SEARCH_USER_PATHS = NO;
				CLANG_CXX_LANGUAGE_STANDARD = "gnu++0x";
				CLANG_CXX_LIBRARY = "libc++";
				CLANG_ENABLE_MODULES = YES;
				CLANG_ENABLE_OBJC_ARC = YES;
				CLANG_WARN_BOOL_CONVERSION = YES;
				CLANG_WARN_CONSTANT_CONVERSION = YES;
				CLANG_WARN_DIRECT_OBJC_ISA_USAGE = YES_ERROR;
				CLANG_WARN_EMPTY_BODY = YES;
				CLANG_WARN_ENUM_CONVERSION = YES;
				CLANG_WARN_INT_CONVERSION = YES;
				CLANG_WARN_OBJC_ROOT_CLASS = YES_ERROR;
				CLANG_WARN_UNREACHABLE_CODE = YES;
				CLANG_WARN__DUPLICATE_METHOD_MATCH = YES;
				"CODE_SIGN_IDENTITY[sdk=iphoneos*]" = "iPhone Developer";
				COPY_PHASE_STRIP = NO;
				DEBUG_INFORMATION_FORMAT = "dwarf-with-dsym";
				ENABLE_NS_ASSERTIONS = NO;
				ENABLE_STRICT_OBJC_MSGSEND = YES;
				GCC_C_LANGUAGE_STANDARD = gnu99;
				GCC_NO_COMMON_BLOCKS = YES;
				GCC_WARN_64_TO_32_BIT_CONVERSION = YES;
				GCC_WARN_ABOUT_RETURN_TYPE = YES_ERROR;
				GCC_WARN_UNDECLARED_SELECTOR = YES;
				GCC_WARN_UNINITIALIZED_AUTOS = YES_AGGRESSIVE;
				GCC_WARN_UNUSED_FUNCTION = YES;
				GCC_WARN_UNUSED_VARIABLE = YES;
				IPHONEOS_DEPLOYMENT_TARGET = 9.0;
				MTL_ENABLE_DEBUG_INFO = NO;
				SDKROOT = iphoneos;
				VALIDATE_PRODUCT = YES;
			};
			name = Release;
		};
		84C8062D1C532150004980B3 /* Debug */ = {
			isa = XCBuildConfiguration;
			buildSettings = {
				ASSETCATALOG_COMPILER_APPICON_NAME = AppIcon;
				INFOPLIST_FILE = CCTouchIDDemo/Info.plist;
				IPHONEOS_DEPLOYMENT_TARGET = 8.0;
				LD_RUNPATH_SEARCH_PATHS = "$(inherited) @executable_path/Frameworks";
				PRODUCT_BUNDLE_IDENTIFIER = com.cxk.CCTouchIDDemo;
				PRODUCT_NAME = "$(TARGET_NAME)";
			};
			name = Debug;
		};
		84C8062E1C532150004980B3 /* Release */ = {
			isa = XCBuildConfiguration;
			buildSettings = {
				ASSETCATALOG_COMPILER_APPICON_NAME = AppIcon;
				INFOPLIST_FILE = CCTouchIDDemo/Info.plist;
				IPHONEOS_DEPLOYMENT_TARGET = 8.0;
				LD_RUNPATH_SEARCH_PATHS = "$(inherited) @executable_path/Frameworks";
				PRODUCT_BUNDLE_IDENTIFIER = com.cxk.CCTouchIDDemo;
				PRODUCT_NAME = "$(TARGET_NAME)";
			};
			name = Release;
		};
		84C806301C532150004980B3 /* Debug */ = {
			isa = XCBuildConfiguration;
			buildSettings = {
				BUNDLE_LOADER = "$(TEST_HOST)";
				INFOPLIST_FILE = CCTouchIDDemoTests/Info.plist;
				LD_RUNPATH_SEARCH_PATHS = "$(inherited) @executable_path/Frameworks @loader_path/Frameworks";
				PRODUCT_BUNDLE_IDENTIFIER = com.cxk.CCTouchIDDemoTests;
				PRODUCT_NAME = "$(TARGET_NAME)";
				TEST_HOST = "$(BUILT_PRODUCTS_DIR)/CCTouchIDDemo.app/CCTouchIDDemo";
			};
			name = Debug;
		};
		84C806311C532150004980B3 /* Release */ = {
			isa = XCBuildConfiguration;
			buildSettings = {
				BUNDLE_LOADER = "$(TEST_HOST)";
				INFOPLIST_FILE = CCTouchIDDemoTests/Info.plist;
				LD_RUNPATH_SEARCH_PATHS = "$(inherited) @executable_path/Frameworks @loader_path/Frameworks";
				PRODUCT_BUNDLE_IDENTIFIER = com.cxk.CCTouchIDDemoTests;
				PRODUCT_NAME = "$(TARGET_NAME)";
				TEST_HOST = "$(BUILT_PRODUCTS_DIR)/CCTouchIDDemo.app/CCTouchIDDemo";
			};
			name = Release;
		};
		84C806331C532150004980B3 /* Debug */ = {
			isa = XCBuildConfiguration;
			buildSettings = {
				INFOPLIST_FILE = CCTouchIDDemoUITests/Info.plist;
				LD_RUNPATH_SEARCH_PATHS = "$(inherited) @executable_path/Frameworks @loader_path/Frameworks";
				PRODUCT_BUNDLE_IDENTIFIER = com.cxk.CCTouchIDDemoUITests;
				PRODUCT_NAME = "$(TARGET_NAME)";
				TEST_TARGET_NAME = CCTouchIDDemo;
				USES_XCTRUNNER = YES;
			};
			name = Debug;
		};
		84C806341C532150004980B3 /* Release */ = {
			isa = XCBuildConfiguration;
			buildSettings = {
				INFOPLIST_FILE = CCTouchIDDemoUITests/Info.plist;
				LD_RUNPATH_SEARCH_PATHS = "$(inherited) @executable_path/Frameworks @loader_path/Frameworks";
				PRODUCT_BUNDLE_IDENTIFIER = com.cxk.CCTouchIDDemoUITests;
				PRODUCT_NAME = "$(TARGET_NAME)";
				TEST_TARGET_NAME = CCTouchIDDemo;
				USES_XCTRUNNER = YES;
			};
			name = Release;
		};
/* End XCBuildConfiguration section */

/* Begin XCConfigurationList section */
		84C805FA1C532150004980B3 /* Build configuration list for PBXProject "CCTouchIDDemo" */ = {
			isa = XCConfigurationList;
			buildConfigurations = (
				84C8062A1C532150004980B3 /* Debug */,
				84C8062B1C532150004980B3 /* Release */,
			);
			defaultConfigurationIsVisible = 0;
			defaultConfigurationName = Release;
		};
		84C8062C1C532150004980B3 /* Build configuration list for PBXNativeTarget "CCTouchIDDemo" */ = {
			isa = XCConfigurationList;
			buildConfigurations = (
				84C8062D1C532150004980B3 /* Debug */,
				84C8062E1C532150004980B3 /* Release */,
			);
			defaultConfigurationIsVisible = 0;
		};
		84C8062F1C532150004980B3 /* Build configuration list for PBXNativeTarget "CCTouchIDDemoTests" */ = {
			isa = XCConfigurationList;
			buildConfigurations = (
				84C806301C532150004980B3 /* Debug */,
				84C806311C532150004980B3 /* Release */,
			);
			defaultConfigurationIsVisible = 0;
		};
		84C806321C532150004980B3 /* Build configuration list for PBXNativeTarget "CCTouchIDDemoUITests" */ = {
			isa = XCConfigurationList;
			buildConfigurations = (
				84C806331C532150004980B3 /* Debug */,
				84C806341C532150004980B3 /* Release */,
			);
			defaultConfigurationIsVisible = 0;
		};
/* End XCConfigurationList section */
	};
	rootObject = 84C805F71C532150004980B3 /* Project object */;
}
